
Microsoft Visual Studio Solution File, Format Version 12.00
# Visual Studio Version 17
VisualStudioVersion = 17.6.33801.468
MinimumVisualStudioVersion = 10.0.40219.1
Project("{FAE04EC0-301F-11D3-BF4B-00C04F79EFBC}") = "Proto3", "Proto3\Proto3.csproj", "{B87296A0-8056-4FF7-8151-CFFCBC2FF30D}"
EndProject
Global
	GlobalSection(SolutionConfigurationPlatforms) = preSolution
		Debug|Any CPU = Debug|Any CPU
		Release|Any CPU = Release|Any CPU
	EndGlobalSection
	GlobalSection(ProjectConfigurationPlatforms) = postSolution
		{B87296A0-8056-4FF7-8151-CFFCBC2FF30D}.Debug|Any CPU.ActiveCfg = Debug|Any CPU
		{B87296A0-8056-4FF7-8151-CFFCBC2FF30D}.Debug|Any CPU.Build.0 = Debug|Any CPU
		{B87296A0-8056-4FF7-8151-CFFCBC2FF30D}.Release|Any CPU.ActiveCfg = Release|Any CPU
		{B87296A0-8056-4FF7-8151-CFFCBC2FF30D}.Release|Any CPU.Build.0 = Release|Any CPU
	EndGlobalSection
	GlobalSection(SolutionProperties) = preSolution
		HideSolutionNode = FALSE
	EndGlobalSection
	GlobalSection(ExtensibilityGlobals) = postSolution
		SolutionGuid = {4A88F8B2-2CC3-45C8-B86E-C70EF9AA9368}
	EndGlobalSection
EndGlobal
